// !$*UTF8*$!
{
	archiveVersion = 1;
	classes = {
	};
	objectVersion = 50;
	objects = {

/* Begin PBXBuildFile section */
		0B846C34830486E3F7DEB934 /* Pods_Foodies.framework in Frameworks */ = {isa = PBXBuildFile; fileRef = 7E00D056D75D744686B8C681 /* Pods_Foodies.framework */; };
		70181A4F224F607100B81C5E /* SwipeViewController.swift in Sources */ = {isa = PBXBuildFile; fileRef = 70181A4E224F607100B81C5E /* SwipeViewController.swift */; };
		70181A51224F755600B81C5E /* Restaurant.swift in Sources */ = {isa = PBXBuildFile; fileRef = 70181A50224F755600B81C5E /* Restaurant.swift */; };
		7066D9A92250A4C1000CBCE2 /* CardView.xib in Resources */ = {isa = PBXBuildFile; fileRef = 7066D9A82250A4C1000CBCE2 /* CardView.xib */; };
		7066D9AB2250ADFB000CBCE2 /* OverlayView.xib in Resources */ = {isa = PBXBuildFile; fileRef = 7066D9AA2250ADFB000CBCE2 /* OverlayView.xib */; };
		7075659222480A28006B3A80 /* AppDelegate.swift in Sources */ = {isa = PBXBuildFile; fileRef = 7075659122480A28006B3A80 /* AppDelegate.swift */; };
		7075659422480A28006B3A80 /* ViewController.swift in Sources */ = {isa = PBXBuildFile; fileRef = 7075659322480A28006B3A80 /* ViewController.swift */; };
		7075659722480A28006B3A80 /* Main.storyboard in Resources */ = {isa = PBXBuildFile; fileRef = 7075659522480A28006B3A80 /* Main.storyboard */; };
		7075659922480A2A006B3A80 /* Assets.xcassets in Resources */ = {isa = PBXBuildFile; fileRef = 7075659822480A2A006B3A80 /* Assets.xcassets */; };
		7075659C22480A2A006B3A80 /* LaunchScreen.storyboard in Resources */ = {isa = PBXBuildFile; fileRef = 7075659A22480A2A006B3A80 /* LaunchScreen.storyboard */; };
		707565A722480A2A006B3A80 /* FoodiesTests.swift in Sources */ = {isa = PBXBuildFile; fileRef = 707565A622480A2A006B3A80 /* FoodiesTests.swift */; };
		707565B222480A2A006B3A80 /* FoodiesUITests.swift in Sources */ = {isa = PBXBuildFile; fileRef = 707565B122480A2A006B3A80 /* FoodiesUITests.swift */; };
		70F27EF62250A163007FB415 /* CardView.swift in Sources */ = {isa = PBXBuildFile; fileRef = 70F27EF52250A163007FB415 /* CardView.swift */; };
		83A7A587477C72D68AF8253E /* Pods_FoodiesTests.framework in Frameworks */ = {isa = PBXBuildFile; fileRef = 865629F3A6BF1A3EA88A3FED /* Pods_FoodiesTests.framework */; };
		E7A60E142C32D5575A26CBA2 /* Pods_FoodiesUITests.framework in Frameworks */ = {isa = PBXBuildFile; fileRef = F2A5B069639407093FFF50B1 /* Pods_FoodiesUITests.framework */; };
/* End PBXBuildFile section */

/* Begin PBXContainerItemProxy section */
		707565A322480A2A006B3A80 /* PBXContainerItemProxy */ = {
			isa = PBXContainerItemProxy;
			containerPortal = 7075658622480A28006B3A80 /* Project object */;
			proxyType = 1;
			remoteGlobalIDString = 7075658D22480A28006B3A80;
			remoteInfo = Foodies;
		};
		707565AE22480A2A006B3A80 /* PBXContainerItemProxy */ = {
			isa = PBXContainerItemProxy;
			containerPortal = 7075658622480A28006B3A80 /* Project object */;
			proxyType = 1;
			remoteGlobalIDString = 7075658D22480A28006B3A80;
			remoteInfo = Foodies;
		};
/* End PBXContainerItemProxy section */

/* Begin PBXFileReference section */
		1FF4DAA6A74851FE63025222 /* Pods-FoodiesTests.debug.xcconfig */ = {isa = PBXFileReference; includeInIndex = 1; lastKnownFileType = text.xcconfig; name = "Pods-FoodiesTests.debug.xcconfig"; path = "Target Support Files/Pods-FoodiesTests/Pods-FoodiesTests.debug.xcconfig"; sourceTree = "<group>"; };
		2DEC206B0DBB69837C791E8A /* Pods-Foodies.debug.xcconfig */ = {isa = PBXFileReference; includeInIndex = 1; lastKnownFileType = text.xcconfig; name = "Pods-Foodies.debug.xcconfig"; path = "Target Support Files/Pods-Foodies/Pods-Foodies.debug.xcconfig"; sourceTree = "<group>"; };
		70181A4E224F607100B81C5E /* SwipeViewController.swift */ = {isa = PBXFileReference; lastKnownFileType = sourcecode.swift; path = SwipeViewController.swift; sourceTree = "<group>"; };
		70181A50224F755600B81C5E /* Restaurant.swift */ = {isa = PBXFileReference; lastKnownFileType = sourcecode.swift; path = Restaurant.swift; sourceTree = "<group>"; };
		7066D9A82250A4C1000CBCE2 /* CardView.xib */ = {isa = PBXFileReference; lastKnownFileType = file.xib; path = CardView.xib; sourceTree = "<group>"; };
		7066D9AA2250ADFB000CBCE2 /* OverlayView.xib */ = {isa = PBXFileReference; lastKnownFileType = file.xib; path = OverlayView.xib; sourceTree = "<group>"; };
		7075658E22480A28006B3A80 /* Foodies.app */ = {isa = PBXFileReference; explicitFileType = wrapper.application; includeInIndex = 0; path = Foodies.app; sourceTree = BUILT_PRODUCTS_DIR; };
		7075659122480A28006B3A80 /* AppDelegate.swift */ = {isa = PBXFileReference; lastKnownFileType = sourcecode.swift; path = AppDelegate.swift; sourceTree = "<group>"; };
		7075659322480A28006B3A80 /* ViewController.swift */ = {isa = PBXFileReference; lastKnownFileType = sourcecode.swift; path = ViewController.swift; sourceTree = "<group>"; };
		7075659622480A28006B3A80 /* Base */ = {isa = PBXFileReference; lastKnownFileType = file.storyboard; name = Base; path = Base.lproj/Main.storyboard; sourceTree = "<group>"; };
		7075659822480A2A006B3A80 /* Assets.xcassets */ = {isa = PBXFileReference; lastKnownFileType = folder.assetcatalog; path = Assets.xcassets; sourceTree = "<group>"; };
		7075659B22480A2A006B3A80 /* Base */ = {isa = PBXFileReference; lastKnownFileType = file.storyboard; name = Base; path = Base.lproj/LaunchScreen.storyboard; sourceTree = "<group>"; };
		7075659D22480A2A006B3A80 /* Info.plist */ = {isa = PBXFileReference; lastKnownFileType = text.plist.xml; path = Info.plist; sourceTree = "<group>"; };
		707565A222480A2A006B3A80 /* FoodiesTests.xctest */ = {isa = PBXFileReference; explicitFileType = wrapper.cfbundle; includeInIndex = 0; path = FoodiesTests.xctest; sourceTree = BUILT_PRODUCTS_DIR; };
		707565A622480A2A006B3A80 /* FoodiesTests.swift */ = {isa = PBXFileReference; lastKnownFileType = sourcecode.swift; path = FoodiesTests.swift; sourceTree = "<group>"; };
		707565A822480A2A006B3A80 /* Info.plist */ = {isa = PBXFileReference; lastKnownFileType = text.plist.xml; path = Info.plist; sourceTree = "<group>"; };
		707565AD22480A2A006B3A80 /* FoodiesUITests.xctest */ = {isa = PBXFileReference; explicitFileType = wrapper.cfbundle; includeInIndex = 0; path = FoodiesUITests.xctest; sourceTree = BUILT_PRODUCTS_DIR; };
		707565B122480A2A006B3A80 /* FoodiesUITests.swift */ = {isa = PBXFileReference; lastKnownFileType = sourcecode.swift; path = FoodiesUITests.swift; sourceTree = "<group>"; };
		707565B322480A2A006B3A80 /* Info.plist */ = {isa = PBXFileReference; lastKnownFileType = text.plist.xml; path = Info.plist; sourceTree = "<group>"; };
		70F27EF52250A163007FB415 /* CardView.swift */ = {isa = PBXFileReference; lastKnownFileType = sourcecode.swift; path = CardView.swift; sourceTree = "<group>"; };
		7E00D056D75D744686B8C681 /* Pods_Foodies.framework */ = {isa = PBXFileReference; explicitFileType = wrapper.framework; includeInIndex = 0; path = Pods_Foodies.framework; sourceTree = BUILT_PRODUCTS_DIR; };
		8154201DCEBE703FE476534E /* Pods-FoodiesUITests.release.xcconfig */ = {isa = PBXFileReference; includeInIndex = 1; lastKnownFileType = text.xcconfig; name = "Pods-FoodiesUITests.release.xcconfig"; path = "Target Support Files/Pods-FoodiesUITests/Pods-FoodiesUITests.release.xcconfig"; sourceTree = "<group>"; };
		865629F3A6BF1A3EA88A3FED /* Pods_FoodiesTests.framework */ = {isa = PBXFileReference; explicitFileType = wrapper.framework; includeInIndex = 0; path = Pods_FoodiesTests.framework; sourceTree = BUILT_PRODUCTS_DIR; };
		96D5D5282B9521499666D686 /* Pods-FoodiesUITests.debug.xcconfig */ = {isa = PBXFileReference; includeInIndex = 1; lastKnownFileType = text.xcconfig; name = "Pods-FoodiesUITests.debug.xcconfig"; path = "Target Support Files/Pods-FoodiesUITests/Pods-FoodiesUITests.debug.xcconfig"; sourceTree = "<group>"; };
		998E6FA2C43416527A74F223 /* Pods-FoodiesTests.release.xcconfig */ = {isa = PBXFileReference; includeInIndex = 1; lastKnownFileType = text.xcconfig; name = "Pods-FoodiesTests.release.xcconfig"; path = "Target Support Files/Pods-FoodiesTests/Pods-FoodiesTests.release.xcconfig"; sourceTree = "<group>"; };
		A4FFE5035BD90418E73C1427 /* Pods-Foodies.release.xcconfig */ = {isa = PBXFileReference; includeInIndex = 1; lastKnownFileType = text.xcconfig; name = "Pods-Foodies.release.xcconfig"; path = "Target Support Files/Pods-Foodies/Pods-Foodies.release.xcconfig"; sourceTree = "<group>"; };
		F2A5B069639407093FFF50B1 /* Pods_FoodiesUITests.framework */ = {isa = PBXFileReference; explicitFileType = wrapper.framework; includeInIndex = 0; path = Pods_FoodiesUITests.framework; sourceTree = BUILT_PRODUCTS_DIR; };
/* End PBXFileReference section */

/* Begin PBXFrameworksBuildPhase section */
		7075658B22480A28006B3A80 /* Frameworks */ = {
			isa = PBXFrameworksBuildPhase;
			buildActionMask = 2147483647;
			files = (
				0B846C34830486E3F7DEB934 /* Pods_Foodies.framework in Frameworks */,
			);
			runOnlyForDeploymentPostprocessing = 0;
		};
		7075659F22480A2A006B3A80 /* Frameworks */ = {
			isa = PBXFrameworksBuildPhase;
			buildActionMask = 2147483647;
			files = (
				83A7A587477C72D68AF8253E /* Pods_FoodiesTests.framework in Frameworks */,
			);
			runOnlyForDeploymentPostprocessing = 0;
		};
		707565AA22480A2A006B3A80 /* Frameworks */ = {
			isa = PBXFrameworksBuildPhase;
			buildActionMask = 2147483647;
			files = (
				E7A60E142C32D5575A26CBA2 /* Pods_FoodiesUITests.framework in Frameworks */,
			);
			runOnlyForDeploymentPostprocessing = 0;
		};
/* End PBXFrameworksBuildPhase section */

/* Begin PBXGroup section */
		0EBB67ACB490F021C34964AF /* Pods */ = {
			isa = PBXGroup;
			children = (
				2DEC206B0DBB69837C791E8A /* Pods-Foodies.debug.xcconfig */,
				A4FFE5035BD90418E73C1427 /* Pods-Foodies.release.xcconfig */,
				1FF4DAA6A74851FE63025222 /* Pods-FoodiesTests.debug.xcconfig */,
				998E6FA2C43416527A74F223 /* Pods-FoodiesTests.release.xcconfig */,
				96D5D5282B9521499666D686 /* Pods-FoodiesUITests.debug.xcconfig */,
				8154201DCEBE703FE476534E /* Pods-FoodiesUITests.release.xcconfig */,
			);
			path = Pods;
			sourceTree = "<group>";
		};
		7075658522480A28006B3A80 = {
			isa = PBXGroup;
			children = (
				7075659022480A28006B3A80 /* Foodies */,
				707565A522480A2A006B3A80 /* FoodiesTests */,
				707565B022480A2A006B3A80 /* FoodiesUITests */,
				7075658F22480A28006B3A80 /* Products */,
				0EBB67ACB490F021C34964AF /* Pods */,
				E1A699F81BAE1B7CE3A9501C /* Frameworks */,
			);
			sourceTree = "<group>";
		};
		7075658F22480A28006B3A80 /* Products */ = {
			isa = PBXGroup;
			children = (
				7075658E22480A28006B3A80 /* Foodies.app */,
				707565A222480A2A006B3A80 /* FoodiesTests.xctest */,
				707565AD22480A2A006B3A80 /* FoodiesUITests.xctest */,
			);
			name = Products;
			sourceTree = "<group>";
		};
		7075659022480A28006B3A80 /* Foodies */ = {
			isa = PBXGroup;
			children = (
				7075659122480A28006B3A80 /* AppDelegate.swift */,
				7075659322480A28006B3A80 /* ViewController.swift */,
				7075659522480A28006B3A80 /* Main.storyboard */,
				7075659822480A2A006B3A80 /* Assets.xcassets */,
				7075659A22480A2A006B3A80 /* LaunchScreen.storyboard */,
				7075659D22480A2A006B3A80 /* Info.plist */,
				70181A4E224F607100B81C5E /* SwipeViewController.swift */,
				70181A50224F755600B81C5E /* Restaurant.swift */,
				70F27EF52250A163007FB415 /* CardView.swift */,
				7066D9A82250A4C1000CBCE2 /* CardView.xib */,
				7066D9AA2250ADFB000CBCE2 /* OverlayView.xib */,
			);
			path = Foodies;
			sourceTree = "<group>";
		};
		707565A522480A2A006B3A80 /* FoodiesTests */ = {
			isa = PBXGroup;
			children = (
				707565A622480A2A006B3A80 /* FoodiesTests.swift */,
				707565A822480A2A006B3A80 /* Info.plist */,
			);
			path = FoodiesTests;
			sourceTree = "<group>";
		};
		707565B022480A2A006B3A80 /* FoodiesUITests */ = {
			isa = PBXGroup;
			children = (
				707565B122480A2A006B3A80 /* FoodiesUITests.swift */,
				707565B322480A2A006B3A80 /* Info.plist */,
			);
			path = FoodiesUITests;
			sourceTree = "<group>";
		};
		E1A699F81BAE1B7CE3A9501C /* Frameworks */ = {
			isa = PBXGroup;
			children = (
				7E00D056D75D744686B8C681 /* Pods_Foodies.framework */,
				865629F3A6BF1A3EA88A3FED /* Pods_FoodiesTests.framework */,
				F2A5B069639407093FFF50B1 /* Pods_FoodiesUITests.framework */,
			);
			name = Frameworks;
			sourceTree = "<group>";
		};
/* End PBXGroup section */

/* Begin PBXNativeTarget section */
		7075658D22480A28006B3A80 /* Foodies */ = {
			isa = PBXNativeTarget;
			buildConfigurationList = 707565B622480A2A006B3A80 /* Build configuration list for PBXNativeTarget "Foodies" */;
			buildPhases = (
				6B33100E4F6758E499CD845D /* [CP] Check Pods Manifest.lock */,
				7075658A22480A28006B3A80 /* Sources */,
				7075658B22480A28006B3A80 /* Frameworks */,
				7075658C22480A28006B3A80 /* Resources */,
				F4ADF120FC2CF92E4CFD6393 /* [CP] Embed Pods Frameworks */,
			);
			buildRules = (
			);
			dependencies = (
			);
			name = Foodies;
			productName = Foodies;
			productReference = 7075658E22480A28006B3A80 /* Foodies.app */;
			productType = "com.apple.product-type.application";
		};
		707565A122480A2A006B3A80 /* FoodiesTests */ = {
			isa = PBXNativeTarget;
			buildConfigurationList = 707565B922480A2A006B3A80 /* Build configuration list for PBXNativeTarget "FoodiesTests" */;
			buildPhases = (
				DCC5B33DCE3825DB18A58E3D /* [CP] Check Pods Manifest.lock */,
				7075659E22480A2A006B3A80 /* Sources */,
				7075659F22480A2A006B3A80 /* Frameworks */,
				707565A022480A2A006B3A80 /* Resources */,
			);
			buildRules = (
			);
			dependencies = (
				707565A422480A2A006B3A80 /* PBXTargetDependency */,
			);
			name = FoodiesTests;
			productName = FoodiesTests;
			productReference = 707565A222480A2A006B3A80 /* FoodiesTests.xctest */;
			productType = "com.apple.product-type.bundle.unit-test";
		};
		707565AC22480A2A006B3A80 /* FoodiesUITests */ = {
			isa = PBXNativeTarget;
			buildConfigurationList = 707565BC22480A2A006B3A80 /* Build configuration list for PBXNativeTarget "FoodiesUITests" */;
			buildPhases = (
				3A72836952C5F3B6C705E4EA /* [CP] Check Pods Manifest.lock */,
				707565A922480A2A006B3A80 /* Sources */,
				707565AA22480A2A006B3A80 /* Frameworks */,
				707565AB22480A2A006B3A80 /* Resources */,
			);
			buildRules = (
			);
			dependencies = (
				707565AF22480A2A006B3A80 /* PBXTargetDependency */,
			);
			name = FoodiesUITests;
			productName = FoodiesUITests;
			productReference = 707565AD22480A2A006B3A80 /* FoodiesUITests.xctest */;
			productType = "com.apple.product-type.bundle.ui-testing";
		};
/* End PBXNativeTarget section */

/* Begin PBXProject section */
		7075658622480A28006B3A80 /* Project object */ = {
			isa = PBXProject;
			attributes = {
				LastSwiftUpdateCheck = 1010;
				LastUpgradeCheck = 1010;
				ORGANIZATIONNAME = "Haasith Sanka";
				TargetAttributes = {
					7075658D22480A28006B3A80 = {
						CreatedOnToolsVersion = 10.1;
					};
					707565A122480A2A006B3A80 = {
						CreatedOnToolsVersion = 10.1;
						TestTargetID = 7075658D22480A28006B3A80;
					};
					707565AC22480A2A006B3A80 = {
						CreatedOnToolsVersion = 10.1;
						TestTargetID = 7075658D22480A28006B3A80;
					};
				};
			};
			buildConfigurationList = 7075658922480A28006B3A80 /* Build configuration list for PBXProject "Foodies" */;
			compatibilityVersion = "Xcode 9.3";
			developmentRegion = en;
			hasScannedForEncodings = 0;
			knownRegions = (
				en,
				Base,
			);
			mainGroup = 7075658522480A28006B3A80;
			productRefGroup = 7075658F22480A28006B3A80 /* Products */;
			projectDirPath = "";
			projectRoot = "";
			targets = (
				7075658D22480A28006B3A80 /* Foodies */,
				707565A122480A2A006B3A80 /* FoodiesTests */,
				707565AC22480A2A006B3A80 /* FoodiesUITests */,
			);
		};
/* End PBXProject section */

/* Begin PBXResourcesBuildPhase section */
		7075658C22480A28006B3A80 /* Resources */ = {
			isa = PBXResourcesBuildPhase;
			buildActionMask = 2147483647;
			files = (
				7075659C22480A2A006B3A80 /* LaunchScreen.storyboard in Resources */,
				7066D9A92250A4C1000CBCE2 /* CardView.xib in Resources */,
				7066D9AB2250ADFB000CBCE2 /* OverlayView.xib in Resources */,
				7075659922480A2A006B3A80 /* Assets.xcassets in Resources */,
				7075659722480A28006B3A80 /* Main.storyboard in Resources */,
			);
			runOnlyForDeploymentPostprocessing = 0;
		};
		707565A022480A2A006B3A80 /* Resources */ = {
			isa = PBXResourcesBuildPhase;
			buildActionMask = 2147483647;
			files = (
			);
			runOnlyForDeploymentPostprocessing = 0;
		};
		707565AB22480A2A006B3A80 /* Resources */ = {
			isa = PBXResourcesBuildPhase;
			buildActionMask = 2147483647;
			files = (
			);
			runOnlyForDeploymentPostprocessing = 0;
		};
/* End PBXResourcesBuildPhase section */

/* Begin PBXShellScriptBuildPhase section */
		3A72836952C5F3B6C705E4EA /* [CP] Check Pods Manifest.lock */ = {
			isa = PBXShellScriptBuildPhase;
			buildActionMask = 2147483647;
			files = (
			);
			inputFileListPaths = (
			);
			inputPaths = (
				"${PODS_PODFILE_DIR_PATH}/Podfile.lock",
				"${PODS_ROOT}/Manifest.lock",
			);
			name = "[CP] Check Pods Manifest.lock";
			outputFileListPaths = (
			);
			outputPaths = (
				"$(DERIVED_FILE_DIR)/Pods-FoodiesUITests-checkManifestLockResult.txt",
			);
			runOnlyForDeploymentPostprocessing = 0;
			shellPath = /bin/sh;
			shellScript = "diff \"${PODS_PODFILE_DIR_PATH}/Podfile.lock\" \"${PODS_ROOT}/Manifest.lock\" > /dev/null\nif [ $? != 0 ] ; then\n    # print error to STDERR\n    echo \"error: The sandbox is not in sync with the Podfile.lock. Run 'pod install' or update your CocoaPods installation.\" >&2\n    exit 1\nfi\n# This output is used by Xcode 'outputs' to avoid re-running this script phase.\necho \"SUCCESS\" > \"${SCRIPT_OUTPUT_FILE_0}\"\n";
			showEnvVarsInLog = 0;
		};
		6B33100E4F6758E499CD845D /* [CP] Check Pods Manifest.lock */ = {
			isa = PBXShellScriptBuildPhase;
			buildActionMask = 2147483647;
			files = (
			);
			inputFileListPaths = (
			);
			inputPaths = (
				"${PODS_PODFILE_DIR_PATH}/Podfile.lock",
				"${PODS_ROOT}/Manifest.lock",
			);
			name = "[CP] Check Pods Manifest.lock";
			outputFileListPaths = (
			);
			outputPaths = (
				"$(DERIVED_FILE_DIR)/Pods-Foodies-checkManifestLockResult.txt",
			);
			runOnlyForDeploymentPostprocessing = 0;
			shellPath = /bin/sh;
			shellScript = "diff \"${PODS_PODFILE_DIR_PATH}/Podfile.lock\" \"${PODS_ROOT}/Manifest.lock\" > /dev/null\nif [ $? != 0 ] ; then\n    # print error to STDERR\n    echo \"error: The sandbox is not in sync with the Podfile.lock. Run 'pod install' or update your CocoaPods installation.\" >&2\n    exit 1\nfi\n# This output is used by Xcode 'outputs' to avoid re-running this script phase.\necho \"SUCCESS\" > \"${SCRIPT_OUTPUT_FILE_0}\"\n";
			showEnvVarsInLog = 0;
		};
		DCC5B33DCE3825DB18A58E3D /* [CP] Check Pods Manifest.lock */ = {
			isa = PBXShellScriptBuildPhase;
			buildActionMask = 2147483647;
			files = (
			);
			inputFileListPaths = (
			);
			inputPaths = (
				"${PODS_PODFILE_DIR_PATH}/Podfile.lock",
				"${PODS_ROOT}/Manifest.lock",
			);
			name = "[CP] Check Pods Manifest.lock";
			outputFileListPaths = (
			);
			outputPaths = (
				"$(DERIVED_FILE_DIR)/Pods-FoodiesTests-checkManifestLockResult.txt",
			);
			runOnlyForDeploymentPostprocessing = 0;
			shellPath = /bin/sh;
			shellScript = "diff \"${PODS_PODFILE_DIR_PATH}/Podfile.lock\" \"${PODS_ROOT}/Manifest.lock\" > /dev/null\nif [ $? != 0 ] ; then\n    # print error to STDERR\n    echo \"error: The sandbox is not in sync with the Podfile.lock. Run 'pod install' or update your CocoaPods installation.\" >&2\n    exit 1\nfi\n# This output is used by Xcode 'outputs' to avoid re-running this script phase.\necho \"SUCCESS\" > \"${SCRIPT_OUTPUT_FILE_0}\"\n";
			showEnvVarsInLog = 0;
		};
		F4ADF120FC2CF92E4CFD6393 /* [CP] Embed Pods Frameworks */ = {
			isa = PBXShellScriptBuildPhase;
			buildActionMask = 2147483647;
			files = (
			);
			inputFileListPaths = (
			);
			inputPaths = (
				"${PODS_ROOT}/Target Support Files/Pods-Foodies/Pods-Foodies-frameworks.sh",
				"${BUILT_PRODUCTS_DIR}/Alamofire/Alamofire.framework",
				"${BUILT_PRODUCTS_DIR}/AlamofireObjectMapper/AlamofireObjectMapper.framework",
				"${BUILT_PRODUCTS_DIR}/CDYelpFusionKit/CDYelpFusionKit.framework",
				"${BUILT_PRODUCTS_DIR}/Kingfisher/Kingfisher.framework",
				"${BUILT_PRODUCTS_DIR}/Koloda/Koloda.framework",
				"${BUILT_PRODUCTS_DIR}/ObjectMapper/ObjectMapper.framework",
				"${BUILT_PRODUCTS_DIR}/Poi/Poi.framework",
				"${BUILT_PRODUCTS_DIR}/pop/pop.framework",
			);
			name = "[CP] Embed Pods Frameworks";
			outputFileListPaths = (
			);
			outputPaths = (
				"${TARGET_BUILD_DIR}/${FRAMEWORKS_FOLDER_PATH}/Alamofire.framework",
				"${TARGET_BUILD_DIR}/${FRAMEWORKS_FOLDER_PATH}/AlamofireObjectMapper.framework",
				"${TARGET_BUILD_DIR}/${FRAMEWORKS_FOLDER_PATH}/CDYelpFusionKit.framework",
				"${TARGET_BUILD_DIR}/${FRAMEWORKS_FOLDER_PATH}/Kingfisher.framework",
				"${TARGET_BUILD_DIR}/${FRAMEWORKS_FOLDER_PATH}/Koloda.framework",
				"${TARGET_BUILD_DIR}/${FRAMEWORKS_FOLDER_PATH}/ObjectMapper.framework",
				"${TARGET_BUILD_DIR}/${FRAMEWORKS_FOLDER_PATH}/Poi.framework",
				"${TARGET_BUILD_DIR}/${FRAMEWORKS_FOLDER_PATH}/pop.framework",
			);
			runOnlyForDeploymentPostprocessing = 0;
			shellPath = /bin/sh;
			shellScript = "\"${PODS_ROOT}/Target Support Files/Pods-Foodies/Pods-Foodies-frameworks.sh\"\n";
			showEnvVarsInLog = 0;
		};
/* End PBXShellScriptBuildPhase section */

/* Begin PBXSourcesBuildPhase section */
		7075658A22480A28006B3A80 /* Sources */ = {
			isa = PBXSourcesBuildPhase;
			buildActionMask = 2147483647;
			files = (
				70F27EF62250A163007FB415 /* CardView.swift in Sources */,
				70181A51224F755600B81C5E /* Restaurant.swift in Sources */,
				7075659422480A28006B3A80 /* ViewController.swift in Sources */,
				7075659222480A28006B3A80 /* AppDelegate.swift in Sources */,
				70181A4F224F607100B81C5E /* SwipeViewController.swift in Sources */,
			);
			runOnlyForDeploymentPostprocessing = 0;
		};
		7075659E22480A2A006B3A80 /* Sources */ = {
			isa = PBXSourcesBuildPhase;
			buildActionMask = 2147483647;
			files = (
				707565A722480A2A006B3A80 /* FoodiesTests.swift in Sources */,
			);
			runOnlyForDeploymentPostprocessing = 0;
		};
		707565A922480A2A006B3A80 /* Sources */ = {
			isa = PBXSourcesBuildPhase;
			buildActionMask = 2147483647;
			files = (
				707565B222480A2A006B3A80 /* FoodiesUITests.swift in Sources */,
			);
			runOnlyForDeploymentPostprocessing = 0;
		};
/* End PBXSourcesBuildPhase section */

/* Begin PBXTargetDependency section */
		707565A422480A2A006B3A80 /* PBXTargetDependency */ = {
			isa = PBXTargetDependency;
			target = 7075658D22480A28006B3A80 /* Foodies */;
			targetProxy = 707565A322480A2A006B3A80 /* PBXContainerItemProxy */;
		};
		707565AF22480A2A006B3A80 /* PBXTargetDependency */ = {
			isa = PBXTargetDependency;
			target = 7075658D22480A28006B3A80 /* Foodies */;
			targetProxy = 707565AE22480A2A006B3A80 /* PBXContainerItemProxy */;
		};
/* End PBXTargetDependency section */

/* Begin PBXVariantGroup section */
		7075659522480A28006B3A80 /* Main.storyboard */ = {
			isa = PBXVariantGroup;
			children = (
				7075659622480A28006B3A80 /* Base */,
			);
			name = Main.storyboard;
			sourceTree = "<group>";
		};
		7075659A22480A2A006B3A80 /* LaunchScreen.storyboard */ = {
			isa = PBXVariantGroup;
			children = (
				7075659B22480A2A006B3A80 /* Base */,
			);
			name = LaunchScreen.storyboard;
			sourceTree = "<group>";
		};
/* End PBXVariantGroup section */

/* Begin XCBuildConfiguration section */
		707565B422480A2A006B3A80 /* Debug */ = {
			isa = XCBuildConfiguration;
			buildSettings = {
				ALWAYS_SEARCH_USER_PATHS = NO;
				CLANG_ANALYZER_NONNULL = YES;
				CLANG_ANALYZER_NUMBER_OBJECT_CONVERSION = YES_AGGRESSIVE;
				CLANG_CXX_LANGUAGE_STANDARD = "gnu++14";
				CLANG_CXX_LIBRARY = "libc++";
				CLANG_ENABLE_MODULES = YES;
				CLANG_ENABLE_OBJC_ARC = YES;
				CLANG_ENABLE_OBJC_WEAK = YES;
				CLANG_WARN_BLOCK_CAPTURE_AUTORELEASING = YES;
				CLANG_WARN_BOOL_CONVERSION = YES;
				CLANG_WARN_COMMA = YES;
				CLANG_WARN_CONSTANT_CONVERSION = YES;
				CLANG_WARN_DEPRECATED_OBJC_IMPLEMENTATIONS = YES;
				CLANG_WARN_DIRECT_OBJC_ISA_USAGE = YES_ERROR;
				CLANG_WARN_DOCUMENTATION_COMMENTS = YES;
				CLANG_WARN_EMPTY_BODY = YES;
				CLANG_WARN_ENUM_CONVERSION = YES;
				CLANG_WARN_INFINITE_RECURSION = YES;
				CLANG_WARN_INT_CONVERSION = YES;
				CLANG_WARN_NON_LITERAL_NULL_CONVERSION = YES;
				CLANG_WARN_OBJC_IMPLICIT_RETAIN_SELF = YES;
				CLANG_WARN_OBJC_LITERAL_CONVERSION = YES;
				CLANG_WARN_OBJC_ROOT_CLASS = YES_ERROR;
				CLANG_WARN_RANGE_LOOP_ANALYSIS = YES;
				CLANG_WARN_STRICT_PROTOTYPES = YES;
				CLANG_WARN_SUSPICIOUS_MOVE = YES;
				CLANG_WARN_UNGUARDED_AVAILABILITY = YES_AGGRESSIVE;
				CLANG_WARN_UNREACHABLE_CODE = YES;
				CLANG_WARN__DUPLICATE_METHOD_MATCH = YES;
				CODE_SIGN_IDENTITY = "iPhone Developer";
				COPY_PHASE_STRIP = NO;
				DEBUG_INFORMATION_FORMAT = dwarf;
				ENABLE_STRICT_OBJC_MSGSEND = YES;
				ENABLE_TESTABILITY = YES;
				GCC_C_LANGUAGE_STANDARD = gnu11;
				GCC_DYNAMIC_NO_PIC = NO;
				GCC_NO_COMMON_BLOCKS = YES;
				GCC_OPTIMIZATION_LEVEL = 0;
				GCC_PREPROCESSOR_DEFINITIONS = (
					"DEBUG=1",
					"$(inherited)",
				);
				GCC_WARN_64_TO_32_BIT_CONVERSION = YES;
				GCC_WARN_ABOUT_RETURN_TYPE = YES_ERROR;
				GCC_WARN_UNDECLARED_SELECTOR = YES;
				GCC_WARN_UNINITIALIZED_AUTOS = YES_AGGRESSIVE;
				GCC_WARN_UNUSED_FUNCTION = YES;
				GCC_WARN_UNUSED_VARIABLE = YES;
				IPHONEOS_DEPLOYMENT_TARGET = 12.1;
				MTL_ENABLE_DEBUG_INFO = INCLUDE_SOURCE;
				MTL_FAST_MATH = YES;
				ONLY_ACTIVE_ARCH = YES;
				SDKROOT = iphoneos;
				SWIFT_ACTIVE_COMPILATION_CONDITIONS = DEBUG;
				SWIFT_OPTIMIZATION_LEVEL = "-Onone";
			};
			name = Debug;
		};
		707565B522480A2A006B3A80 /* Release */ = {
			isa = XCBuildConfiguration;
			buildSettings = {
				ALWAYS_SEARCH_USER_PATHS = NO;
				CLANG_ANALYZER_NONNULL = YES;
				CLANG_ANALYZER_NUMBER_OBJECT_CONVERSION = YES_AGGRESSIVE;
				CLANG_CXX_LANGUAGE_STANDARD = "gnu++14";
				CLANG_CXX_LIBRARY = "libc++";
				CLANG_ENABLE_MODULES = YES;
				CLANG_ENABLE_OBJC_ARC = YES;
				CLANG_ENABLE_OBJC_WEAK = YES;
				CLANG_WARN_BLOCK_CAPTURE_AUTORELEASING = YES;
				CLANG_WARN_BOOL_CONVERSION = YES;
				CLANG_WARN_COMMA = YES;
				CLANG_WARN_CONSTANT_CONVERSION = YES;
				CLANG_WARN_DEPRECATED_OBJC_IMPLEMENTATIONS = YES;
				CLANG_WARN_DIRECT_OBJC_ISA_USAGE = YES_ERROR;
				CLANG_WARN_DOCUMENTATION_COMMENTS = YES;
				CLANG_WARN_EMPTY_BODY = YES;
				CLANG_WARN_ENUM_CONVERSION = YES;
				CLANG_WARN_INFINITE_RECURSION = YES;
				CLANG_WARN_INT_CONVERSION = YES;
				CLANG_WARN_NON_LITERAL_NULL_CONVERSION = YES;
				CLANG_WARN_OBJC_IMPLICIT_RETAIN_SELF = YES;
				CLANG_WARN_OBJC_LITERAL_CONVERSION = YES;
				CLANG_WARN_OBJC_ROOT_CLASS = YES_ERROR;
				CLANG_WARN_RANGE_LOOP_ANALYSIS = YES;
				CLANG_WARN_STRICT_PROTOTYPES = YES;
				CLANG_WARN_SUSPICIOUS_MOVE = YES;
				CLANG_WARN_UNGUARDED_AVAILABILITY = YES_AGGRESSIVE;
				CLANG_WARN_UNREACHABLE_CODE = YES;
				CLANG_WARN__DUPLICATE_METHOD_MATCH = YES;
				CODE_SIGN_IDENTITY = "iPhone Developer";
				COPY_PHASE_STRIP = NO;
				DEBUG_INFORMATION_FORMAT = "dwarf-with-dsym";
				ENABLE_NS_ASSERTIONS = NO;
				ENABLE_STRICT_OBJC_MSGSEND = YES;
				GCC_C_LANGUAGE_STANDARD = gnu11;
				GCC_NO_COMMON_BLOCKS = YES;
				GCC_WARN_64_TO_32_BIT_CONVERSION = YES;
				GCC_WARN_ABOUT_RETURN_TYPE = YES_ERROR;
				GCC_WARN_UNDECLARED_SELECTOR = YES;
				GCC_WARN_UNINITIALIZED_AUTOS = YES_AGGRESSIVE;
				GCC_WARN_UNUSED_FUNCTION = YES;
				GCC_WARN_UNUSED_VARIABLE = YES;
				IPHONEOS_DEPLOYMENT_TARGET = 12.1;
				MTL_ENABLE_DEBUG_INFO = NO;
				MTL_FAST_MATH = YES;
				SDKROOT = iphoneos;
				SWIFT_COMPILATION_MODE = wholemodule;
				SWIFT_OPTIMIZATION_LEVEL = "-O";
				VALIDATE_PRODUCT = YES;
			};
			name = Release;
		};
		707565B722480A2A006B3A80 /* Debug */ = {
			isa = XCBuildConfiguration;
			baseConfigurationReference = 2DEC206B0DBB69837C791E8A /* Pods-Foodies.debug.xcconfig */;
			buildSettings = {
				ASSETCATALOG_COMPILER_APPICON_NAME = AppIcon;
				CODE_SIGN_STYLE = Automatic;
				INFOPLIST_FILE = Foodies/Info.plist;
				LD_RUNPATH_SEARCH_PATHS = (
					"$(inherited)",
					"@executable_path/Frameworks",
				);
				PRODUCT_BUNDLE_IDENTIFIER = com.haasith.Foodies;
				PRODUCT_NAME = "$(TARGET_NAME)";
				SWIFT_VERSION = 4.2;
				TARGETED_DEVICE_FAMILY = "1,2";
			};
			name = Debug;
		};
		707565B822480A2A006B3A80 /* Release */ = {
			isa = XCBuildConfiguration;
			baseConfigurationReference = A4FFE5035BD90418E73C1427 /* Pods-Foodies.release.xcconfig */;
			buildSettings = {
				ASSETCATALOG_COMPILER_APPICON_NAME = AppIcon;
				CODE_SIGN_STYLE = Automatic;
				INFOPLIST_FILE = Foodies/Info.plist;
				LD_RUNPATH_SEARCH_PATHS = (
					"$(inherited)",
					"@executable_path/Frameworks",
				);
				PRODUCT_BUNDLE_IDENTIFIER = com.haasith.Foodies;
				PRODUCT_NAME = "$(TARGET_NAME)";
				SWIFT_VERSION = 4.2;
				TARGETED_DEVICE_FAMILY = "1,2";
			};
			name = Release;
		};
		707565BA22480A2A006B3A80 /* Debug */ = {
			isa = XCBuildConfiguration;
			baseConfigurationReference = 1FF4DAA6A74851FE63025222 /* Pods-FoodiesTests.debug.xcconfig */;
			buildSettings = {
				ALWAYS_EMBED_SWIFT_STANDARD_LIBRARIES = YES;
				BUNDLE_LOADER = "$(TEST_HOST)";
				CODE_SIGN_STYLE = Automatic;
				INFOPLIST_FILE = FoodiesTests/Info.plist;
				LD_RUNPATH_SEARCH_PATHS = (
					"$(inherited)",
					"@executable_path/Frameworks",
					"@loader_path/Frameworks",
				);
				PRODUCT_BUNDLE_IDENTIFIER = com.haasith.FoodiesTests;
				PRODUCT_NAME = "$(TARGET_NAME)";
				SWIFT_VERSION = 4.2;
				TARGETED_DEVICE_FAMILY = "1,2";
				TEST_HOST = "$(BUILT_PRODUCTS_DIR)/Foodies.app/Foodies";
			};
			name = Debug;
		};
		707565BB22480A2A006B3A80 /* Release */ = {
			isa = XCBuildConfiguration;
			baseConfigurationReference = 998E6FA2C43416527A74F223 /* Pods-FoodiesTests.release.xcconfig */;
			buildSettings = {
				ALWAYS_EMBED_SWIFT_STANDARD_LIBRARIES = YES;
				BUNDLE_LOADER = "$(TEST_HOST)";
				CODE_SIGN_STYLE = Automatic;
				INFOPLIST_FILE = FoodiesTests/Info.plist;
				LD_RUNPATH_SEARCH_PATHS = (
					"$(inherited)",
					"@executable_path/Frameworks",
					"@loader_path/Frameworks",
				);
				PRODUCT_BUNDLE_IDENTIFIER = com.haasith.FoodiesTests;
				PRODUCT_NAME = "$(TARGET_NAME)";
				SWIFT_VERSION = 4.2;
				TARGETED_DEVICE_FAMILY = "1,2";
				TEST_HOST = "$(BUILT_PRODUCTS_DIR)/Foodies.app/Foodies";
			};
			name = Release;
		};
		707565BD22480A2A006B3A80 /* Debug */ = {
			isa = XCBuildConfiguration;
			baseConfigurationReference = 96D5D5282B9521499666D686 /* Pods-FoodiesUITests.debug.xcconfig */;
			buildSettings = {
				ALWAYS_EMBED_SWIFT_STANDARD_LIBRARIES = YES;
				CODE_SIGN_STYLE = Automatic;
				INFOPLIST_FILE = FoodiesUITests/Info.plist;
				LD_RUNPATH_SEARCH_PATHS = (
					"$(inherited)",
					"@executable_path/Frameworks",
					"@loader_path/Frameworks",
				);
				PRODUCT_BUNDLE_IDENTIFIER = com.haasith.FoodiesUITests;
				PRODUCT_NAME = "$(TARGET_NAME)";
				SWIFT_VERSION = 4.2;
				TARGETED_DEVICE_FAMILY = "1,2";
				TEST_TARGET_NAME = Foodies;
			};
			name = Debug;
		};
		707565BE22480A2A006B3A80 /* Release */ = {
			isa = XCBuildConfiguration;
			baseConfigurationReference = 8154201DCEBE703FE476534E /* Pods-FoodiesUITests.release.xcconfig */;
			buildSettings = {
				ALWAYS_EMBED_SWIFT_STANDARD_LIBRARIES = YES;
				CODE_SIGN_STYLE = Automatic;
				INFOPLIST_FILE = FoodiesUITests/Info.plist;
				LD_RUNPATH_SEARCH_PATHS = (
					"$(inherited)",
					"@executable_path/Frameworks",
					"@loader_path/Frameworks",
				);
				PRODUCT_BUNDLE_IDENTIFIER = com.haasith.FoodiesUITests;
				PRODUCT_NAME = "$(TARGET_NAME)";
				SWIFT_VERSION = 4.2;
				TARGETED_DEVICE_FAMILY = "1,2";
				TEST_TARGET_NAME = Foodies;
			};
			name = Release;
		};
/* End XCBuildConfiguration section */

/* Begin XCConfigurationList section */
		7075658922480A28006B3A80 /* Build configuration list for PBXProject "Foodies" */ = {
			isa = XCConfigurationList;
			buildConfigurations = (
				707565B422480A2A006B3A80 /* Debug */,
				707565B522480A2A006B3A80 /* Release */,
			);
			defaultConfigurationIsVisible = 0;
			defaultConfigurationName = Release;
		};
		707565B622480A2A006B3A80 /* Build configuration list for PBXNativeTarget "Foodies" */ = {
			isa = XCConfigurationList;
			buildConfigurations = (
				707565B722480A2A006B3A80 /* Debug */,
				707565B822480A2A006B3A80 /* Release */,
			);
			defaultConfigurationIsVisible = 0;
			defaultConfigurationName = Release;
		};
		707565B922480A2A006B3A80 /* Build configuration list for PBXNativeTarget "FoodiesTests" */ = {
			isa = XCConfigurationList;
			buildConfigurations = (
				707565BA22480A2A006B3A80 /* Debug */,
				707565BB22480A2A006B3A80 /* Release */,
			);
			defaultConfigurationIsVisible = 0;
			defaultConfigurationName = Release;
		};
		707565BC22480A2A006B3A80 /* Build configuration list for PBXNativeTarget "FoodiesUITests" */ = {
			isa = XCConfigurationList;
			buildConfigurations = (
				707565BD22480A2A006B3A80 /* Debug */,
				707565BE22480A2A006B3A80 /* Release */,
			);
			defaultConfigurationIsVisible = 0;
			defaultConfigurationName = Release;
		};
/* End XCConfigurationList section */
	};
	rootObject = 7075658622480A28006B3A80 /* Project object */;
}
